<?xml version="1.0" encoding="utf-8"?>
<Project ToolsVersion="4.0" xmlns="http://schemas.microsoft.com/developer/msbuild/2003">
  <ItemGroup>
    <ClCompile Include="Source\MainEntry.cpp">
      <Filter>Source</Filter>
    </ClCompile>
    <ClCompile Include="Source\TestApp.cpp">
      <Filter>Source</Filter>
    </ClCompile>
    <ClCompile Include="Source\TestMainScene.cpp">
      <Filter>Source</Filter>
    </ClCompile>
    <ClCompile Include="Source\TestAppManagerObject.cpp">
      <Filter>Source</Filter>
    </ClCompile>
  </ItemGroup>
  <ItemGroup>
    <ClInclude Include="Source\TestApp.h">
      <Filter>Source</Filter>
    </ClInclude>
    <ClInclude Include="Source\TestMainScene.h">
      <Filter>Source</Filter>
    </ClInclude>
    <ClInclude Include="Source\TestAppManagerObject.h">
      <Filter>Source</Filter>
    </ClInclude>
  </ItemGroup>
  <ItemGroup>
    <Filter Include="Source">
      <UniqueIdentifier>{060e13d0-221c-433a-af4e-b033f17ab3b4}</UniqueIdentifier>
    </Filter>
  </ItemGroup>
</Project>