
Microsoft Visual Studio Solution File, Format Version 12.00
# Visual Studio Version 17
VisualStudioVersion = 17.11.35222.181
MinimumVisualStudioVersion = 10.0.40219.1
Project("{8BC9CEB8-8B4A-11D0-8D11-00A0C91BC942}") = "D3D11_Engine", "D3D11_Engine\D3D11_Engine.vcxproj", "{C8880048-46A0-4CC4-BE47-C3144CD15787}"
EndProject
Project("{8BC9CEB8-8B4A-11D0-8D11-00A0C91BC942}") = "01_BoxRender", "01_BoxRender\01_BoxRender.vcxproj", "{AF9752D7-40EF-4A24-9F16-34DEEEA8615B}"
	ProjectSection(ProjectDependencies) = postProject
		{C8880048-46A0-4CC4-BE47-C3144CD15787} = {C8880048-46A0-4CC4-BE47-C3144CD15787}
	EndProjectSection
EndProject
Project("{8BC9CEB8-8B4A-11D0-8D11-00A0C91BC942}") = "02_Transform", "02_Transform\02_Transform.vcxproj", "{F2873A06-4B29-4F74-96DF-4E299729BDEE}"
	ProjectSection(ProjectDependencies) = postProject
		{C8880048-46A0-4CC4-BE47-C3144CD15787} = {C8880048-46A0-4CC4-BE47-C3144CD15787}
	EndProjectSection
EndProject
Project("{8BC9CEB8-8B4A-11D0-8D11-00A0C91BC942}") = "03_Shade", "03_Shade\03_Shade.vcxproj", "{42C0564D-0C89-4631-BFF9-2D79D699E904}"
	ProjectSection(ProjectDependencies) = postProject
		{C8880048-46A0-4CC4-BE47-C3144CD15787} = {C8880048-46A0-4CC4-BE47-C3144CD15787}
	EndProjectSection
EndProject
Project("{8BC9CEB8-8B4A-11D0-8D11-00A0C91BC942}") = "04_BlinnPhong", "04_BlinnPhong\04_BlinnPhong.vcxproj", "{EE0D8C14-1F80-41D1-B772-7F93DA95F2B3}"
	ProjectSection(ProjectDependencies) = postProject
		{C8880048-46A0-4CC4-BE47-C3144CD15787} = {C8880048-46A0-4CC4-BE47-C3144CD15787}
	EndProjectSection
EndProject
Project("{8BC9CEB8-8B4A-11D0-8D11-00A0C91BC942}") = "00_TestApp", "00_TestApp\00_TestApp.vcxproj", "{CD998E2E-616E-4E5B-9395-5ECFEE48D93C}"
	ProjectSection(ProjectDependencies) = postProject
		{C8880048-46A0-4CC4-BE47-C3144CD15787} = {C8880048-46A0-4CC4-BE47-C3144CD15787}
	EndProjectSection
EndProject
Project("{8BC9CEB8-8B4A-11D0-8D11-00A0C91BC942}") = "05_Mapping", "05_Mapping\05_Mapping.vcxproj", "{37FEA58C-1AAE-4FDB-B138-CC0A14422962}"
	ProjectSection(ProjectDependencies) = postProject
		{C8880048-46A0-4CC4-BE47-C3144CD15787} = {C8880048-46A0-4CC4-BE47-C3144CD15787}
	EndProjectSection
EndProject
Project("{8BC9CEB8-8B4A-11D0-8D11-00A0C91BC942}") = "06_ImportFBX", "06_ImportFBX\06_ImportFBX.vcxproj", "{080F733C-29DE-451B-9A56-1FFC7B1BAF47}"
	ProjectSection(ProjectDependencies) = postProject
		{C8880048-46A0-4CC4-BE47-C3144CD15787} = {C8880048-46A0-4CC4-BE47-C3144CD15787}
	EndProjectSection
EndProject
Project("{8BC9CEB8-8B4A-11D0-8D11-00A0C91BC942}") = "07_TransformAnimation", "07_TransformAnimation\07_TransformAnimation.vcxproj", "{69797541-B6D4-4161-90CA-B82C57ADE045}"
	ProjectSection(ProjectDependencies) = postProject
		{C8880048-46A0-4CC4-BE47-C3144CD15787} = {C8880048-46A0-4CC4-BE47-C3144CD15787}
	EndProjectSection
EndProject
Project("{8BC9CEB8-8B4A-11D0-8D11-00A0C91BC942}") = "08_SkinningAnimation", "08_SkinningAnimation\08_SkinningAnimation.vcxproj", "{C1187BD0-AC88-46DE-B4E6-9B2CBAF5F116}"
	ProjectSection(ProjectDependencies) = postProject
		{C8880048-46A0-4CC4-BE47-C3144CD15787} = {C8880048-46A0-4CC4-BE47-C3144CD15787}
	EndProjectSection
EndProject
Project("{8BC9CEB8-8B4A-11D0-8D11-00A0C91BC942}") = "09_ResourceManager", "09_ResourceManager\09_ResourceManager.vcxproj", "{8CA316CB-D029-4BCE-A271-167311F7385F}"
	ProjectSection(ProjectDependencies) = postProject
		{C8880048-46A0-4CC4-BE47-C3144CD15787} = {C8880048-46A0-4CC4-BE47-C3144CD15787}
	EndProjectSection
EndProject
Project("{8BC9CEB8-8B4A-11D0-8D11-00A0C91BC942}") = "10_PBR", "10_PBR\10_PBR.vcxproj", "{E3EF8583-AB88-4E65-A3FE-3FD36D7543EA}"
	ProjectSection(ProjectDependencies) = postProject
		{C8880048-46A0-4CC4-BE47-C3144CD15787} = {C8880048-46A0-4CC4-BE47-C3144CD15787}
	EndProjectSection
EndProject
Project("{8BC9CEB8-8B4A-11D0-8D11-00A0C91BC942}") = "11_IBL", "11_IBL\11_IBL.vcxproj", "{2E94ED1F-E231-4F8B-90BC-992302CC5CCC}"
	ProjectSection(ProjectDependencies) = postProject
		{C8880048-46A0-4CC4-BE47-C3144CD15787} = {C8880048-46A0-4CC4-BE47-C3144CD15787}
	EndProjectSection
EndProject
Project("{8BC9CEB8-8B4A-11D0-8D11-00A0C91BC942}") = "12_Shadow", "12_Shadow\12_Shadow.vcxproj", "{4B149055-D7B7-4C7C-B8C4-8B1670CA8ABB}"
	ProjectSection(ProjectDependencies) = postProject
		{C8880048-46A0-4CC4-BE47-C3144CD15787} = {C8880048-46A0-4CC4-BE47-C3144CD15787}
	EndProjectSection
EndProject
Project("{8BC9CEB8-8B4A-11D0-8D11-00A0C91BC942}") = "Project", "ProjectBase\Project.vcxproj", "{D56F0A94-1FCD-4018-A22A-24315FB4889C}"
EndProject
Global
	GlobalSection(SolutionConfigurationPlatforms) = preSolution
		Debug|x64 = Debug|x64
		Debug|x86 = Debug|x86
		Release|x64 = Release|x64
		Release|x86 = Release|x86
	EndGlobalSection
	GlobalSection(ProjectConfigurationPlatforms) = postSolution
		{C8880048-46A0-4CC4-BE47-C3144CD15787}.Debug|x64.ActiveCfg = Debug|x64
		{C8880048-46A0-4CC4-BE47-C3144CD15787}.Debug|x64.Build.0 = Debug|x64
		{C8880048-46A0-4CC4-BE47-C3144CD15787}.Debug|x86.ActiveCfg = Debug|Win32
		{C8880048-46A0-4CC4-BE47-C3144CD15787}.Debug|x86.Build.0 = Debug|Win32
		{C8880048-46A0-4CC4-BE47-C3144CD15787}.Release|x64.ActiveCfg = Release|x64
		{C8880048-46A0-4CC4-BE47-C3144CD15787}.Release|x64.Build.0 = Release|x64
		{C8880048-46A0-4CC4-BE47-C3144CD15787}.Release|x86.ActiveCfg = Release|Win32
		{C8880048-46A0-4CC4-BE47-C3144CD15787}.Release|x86.Build.0 = Release|Win32
		{AF9752D7-40EF-4A24-9F16-34DEEEA8615B}.Debug|x64.ActiveCfg = Debug|x64
		{AF9752D7-40EF-4A24-9F16-34DEEEA8615B}.Debug|x64.Build.0 = Debug|x64
		{AF9752D7-40EF-4A24-9F16-34DEEEA8615B}.Debug|x86.ActiveCfg = Debug|Win32
		{AF9752D7-40EF-4A24-9F16-34DEEEA8615B}.Debug|x86.Build.0 = Debug|Win32
		{AF9752D7-40EF-4A24-9F16-34DEEEA8615B}.Release|x64.ActiveCfg = Release|x64
		{AF9752D7-40EF-4A24-9F16-34DEEEA8615B}.Release|x64.Build.0 = Release|x64
		{AF9752D7-40EF-4A24-9F16-34DEEEA8615B}.Release|x86.ActiveCfg = Release|Win32
		{AF9752D7-40EF-4A24-9F16-34DEEEA8615B}.Release|x86.Build.0 = Release|Win32
		{F2873A06-4B29-4F74-96DF-4E299729BDEE}.Debug|x64.ActiveCfg = Debug|x64
		{F2873A06-4B29-4F74-96DF-4E299729BDEE}.Debug|x64.Build.0 = Debug|x64
		{F2873A06-4B29-4F74-96DF-4E299729BDEE}.Debug|x86.ActiveCfg = Debug|Win32
		{F2873A06-4B29-4F74-96DF-4E299729BDEE}.Debug|x86.Build.0 = Debug|Win32
		{F2873A06-4B29-4F74-96DF-4E299729BDEE}.Release|x64.ActiveCfg = Release|x64
		{F2873A06-4B29-4F74-96DF-4E299729BDEE}.Release|x64.Build.0 = Release|x64
		{F2873A06-4B29-4F74-96DF-4E299729BDEE}.Release|x86.ActiveCfg = Release|Win32
		{F2873A06-4B29-4F74-96DF-4E299729BDEE}.Release|x86.Build.0 = Release|Win32
		{42C0564D-0C89-4631-BFF9-2D79D699E904}.Debug|x64.ActiveCfg = Debug|x64
		{42C0564D-0C89-4631-BFF9-2D79D699E904}.Debug|x64.Build.0 = Debug|x64
		{42C0564D-0C89-4631-BFF9-2D79D699E904}.Debug|x86.ActiveCfg = Debug|Win32
		{42C0564D-0C89-4631-BFF9-2D79D699E904}.Debug|x86.Build.0 = Debug|Win32
		{42C0564D-0C89-4631-BFF9-2D79D699E904}.Release|x64.ActiveCfg = Release|x64
		{42C0564D-0C89-4631-BFF9-2D79D699E904}.Release|x64.Build.0 = Release|x64
		{42C0564D-0C89-4631-BFF9-2D79D699E904}.Release|x86.ActiveCfg = Release|Win32
		{42C0564D-0C89-4631-BFF9-2D79D699E904}.Release|x86.Build.0 = Release|Win32
		{EE0D8C14-1F80-41D1-B772-7F93DA95F2B3}.Debug|x64.ActiveCfg = Debug|x64
		{EE0D8C14-1F80-41D1-B772-7F93DA95F2B3}.Debug|x64.Build.0 = Debug|x64
		{EE0D8C14-1F80-41D1-B772-7F93DA95F2B3}.Debug|x86.ActiveCfg = Debug|Win32
		{EE0D8C14-1F80-41D1-B772-7F93DA95F2B3}.Debug|x86.Build.0 = Debug|Win32
		{EE0D8C14-1F80-41D1-B772-7F93DA95F2B3}.Release|x64.ActiveCfg = Release|x64
		{EE0D8C14-1F80-41D1-B772-7F93DA95F2B3}.Release|x64.Build.0 = Release|x64
		{EE0D8C14-1F80-41D1-B772-7F93DA95F2B3}.Release|x86.ActiveCfg = Release|Win32
		{EE0D8C14-1F80-41D1-B772-7F93DA95F2B3}.Release|x86.Build.0 = Release|Win32
		{CD998E2E-616E-4E5B-9395-5ECFEE48D93C}.Debug|x64.ActiveCfg = Debug|x64
		{CD998E2E-616E-4E5B-9395-5ECFEE48D93C}.Debug|x64.Build.0 = Debug|x64
		{CD998E2E-616E-4E5B-9395-5ECFEE48D93C}.Debug|x86.ActiveCfg = Debug|Win32
		{CD998E2E-616E-4E5B-9395-5ECFEE48D93C}.Debug|x86.Build.0 = Debug|Win32
		{CD998E2E-616E-4E5B-9395-5ECFEE48D93C}.Release|x64.ActiveCfg = Release|x64
		{CD998E2E-616E-4E5B-9395-5ECFEE48D93C}.Release|x64.Build.0 = Release|x64
		{CD998E2E-616E-4E5B-9395-5ECFEE48D93C}.Release|x86.ActiveCfg = Release|Win32
		{CD998E2E-616E-4E5B-9395-5ECFEE48D93C}.Release|x86.Build.0 = Release|Win32
		{37FEA58C-1AAE-4FDB-B138-CC0A14422962}.Debug|x64.ActiveCfg = Debug|x64
		{37FEA58C-1AAE-4FDB-B138-CC0A14422962}.Debug|x64.Build.0 = Debug|x64
		{37FEA58C-1AAE-4FDB-B138-CC0A14422962}.Debug|x86.ActiveCfg = Debug|Win32
		{37FEA58C-1AAE-4FDB-B138-CC0A14422962}.Debug|x86.Build.0 = Debug|Win32
		{37FEA58C-1AAE-4FDB-B138-CC0A14422962}.Release|x64.ActiveCfg = Release|x64
		{37FEA58C-1AAE-4FDB-B138-CC0A14422962}.Release|x64.Build.0 = Release|x64
		{37FEA58C-1AAE-4FDB-B138-CC0A14422962}.Release|x86.ActiveCfg = Release|Win32
		{37FEA58C-1AAE-4FDB-B138-CC0A14422962}.Release|x86.Build.0 = Release|Win32
		{080F733C-29DE-451B-9A56-1FFC7B1BAF47}.Debug|x64.ActiveCfg = Debug|x64
		{080F733C-29DE-451B-9A56-1FFC7B1BAF47}.Debug|x64.Build.0 = Debug|x64
		{080F733C-29DE-451B-9A56-1FFC7B1BAF47}.Debug|x86.ActiveCfg = Debug|Win32
		{080F733C-29DE-451B-9A56-1FFC7B1BAF47}.Debug|x86.Build.0 = Debug|Win32
		{080F733C-29DE-451B-9A56-1FFC7B1BAF47}.Release|x64.ActiveCfg = Release|x64
		{080F733C-29DE-451B-9A56-1FFC7B1BAF47}.Release|x64.Build.0 = Release|x64
		{080F733C-29DE-451B-9A56-1FFC7B1BAF47}.Release|x86.ActiveCfg = Release|Win32
		{080F733C-29DE-451B-9A56-1FFC7B1BAF47}.Release|x86.Build.0 = Release|Win32
		{69797541-B6D4-4161-90CA-B82C57ADE045}.Debug|x64.ActiveCfg = Debug|x64
		{69797541-B6D4-4161-90CA-B82C57ADE045}.Debug|x64.Build.0 = Debug|x64
		{69797541-B6D4-4161-90CA-B82C57ADE045}.Debug|x86.ActiveCfg = Debug|Win32
		{69797541-B6D4-4161-90CA-B82C57ADE045}.Debug|x86.Build.0 = Debug|Win32
		{69797541-B6D4-4161-90CA-B82C57ADE045}.Release|x64.ActiveCfg = Release|x64
		{69797541-B6D4-4161-90CA-B82C57ADE045}.Release|x64.Build.0 = Release|x64
		{69797541-B6D4-4161-90CA-B82C57ADE045}.Release|x86.ActiveCfg = Release|Win32
		{69797541-B6D4-4161-90CA-B82C57ADE045}.Release|x86.Build.0 = Release|Win32
		{C1187BD0-AC88-46DE-B4E6-9B2CBAF5F116}.Debug|x64.ActiveCfg = Debug|x64
		{C1187BD0-AC88-46DE-B4E6-9B2CBAF5F116}.Debug|x64.Build.0 = Debug|x64
		{C1187BD0-AC88-46DE-B4E6-9B2CBAF5F116}.Debug|x86.ActiveCfg = Debug|Win32
		{C1187BD0-AC88-46DE-B4E6-9B2CBAF5F116}.Debug|x86.Build.0 = Debug|Win32
		{C1187BD0-AC88-46DE-B4E6-9B2CBAF5F116}.Release|x64.ActiveCfg = Release|x64
		{C1187BD0-AC88-46DE-B4E6-9B2CBAF5F116}.Release|x64.Build.0 = Release|x64
		{C1187BD0-AC88-46DE-B4E6-9B2CBAF5F116}.Release|x86.ActiveCfg = Release|Win32
		{C1187BD0-AC88-46DE-B4E6-9B2CBAF5F116}.Release|x86.Build.0 = Release|Win32
		{8CA316CB-D029-4BCE-A271-167311F7385F}.Debug|x64.ActiveCfg = Debug|x64
		{8CA316CB-D029-4BCE-A271-167311F7385F}.Debug|x64.Build.0 = Debug|x64
		{8CA316CB-D029-4BCE-A271-167311F7385F}.Debug|x86.ActiveCfg = Debug|Win32
		{8CA316CB-D029-4BCE-A271-167311F7385F}.Debug|x86.Build.0 = Debug|Win32
		{8CA316CB-D029-4BCE-A271-167311F7385F}.Release|x64.ActiveCfg = Release|x64
		{8CA316CB-D029-4BCE-A271-167311F7385F}.Release|x64.Build.0 = Release|x64
		{8CA316CB-D029-4BCE-A271-167311F7385F}.Release|x86.ActiveCfg = Release|Win32
		{8CA316CB-D029-4BCE-A271-167311F7385F}.Release|x86.Build.0 = Release|Win32
		{E3EF8583-AB88-4E65-A3FE-3FD36D7543EA}.Debug|x64.ActiveCfg = Debug|x64
		{E3EF8583-AB88-4E65-A3FE-3FD36D7543EA}.Debug|x64.Build.0 = Debug|x64
		{E3EF8583-AB88-4E65-A3FE-3FD36D7543EA}.Debug|x86.ActiveCfg = Debug|Win32
		{E3EF8583-AB88-4E65-A3FE-3FD36D7543EA}.Debug|x86.Build.0 = Debug|Win32
		{E3EF8583-AB88-4E65-A3FE-3FD36D7543EA}.Release|x64.ActiveCfg = Release|x64
		{E3EF8583-AB88-4E65-A3FE-3FD36D7543EA}.Release|x64.Build.0 = Release|x64
		{E3EF8583-AB88-4E65-A3FE-3FD36D7543EA}.Release|x86.ActiveCfg = Release|Win32
		{E3EF8583-AB88-4E65-A3FE-3FD36D7543EA}.Release|x86.Build.0 = Release|Win32
		{2E94ED1F-E231-4F8B-90BC-992302CC5CCC}.Debug|x64.ActiveCfg = Debug|x64
		{2E94ED1F-E231-4F8B-90BC-992302CC5CCC}.Debug|x64.Build.0 = Debug|x64
		{2E94ED1F-E231-4F8B-90BC-992302CC5CCC}.Debug|x86.ActiveCfg = Debug|Win32
		{2E94ED1F-E231-4F8B-90BC-992302CC5CCC}.Debug|x86.Build.0 = Debug|Win32
		{2E94ED1F-E231-4F8B-90BC-992302CC5CCC}.Release|x64.ActiveCfg = Release|x64
		{2E94ED1F-E231-4F8B-90BC-992302CC5CCC}.Release|x64.Build.0 = Release|x64
		{2E94ED1F-E231-4F8B-90BC-992302CC5CCC}.Release|x86.ActiveCfg = Release|Win32
		{2E94ED1F-E231-4F8B-90BC-992302CC5CCC}.Release|x86.Build.0 = Release|Win32
		{4B149055-D7B7-4C7C-B8C4-8B1670CA8ABB}.Debug|x64.ActiveCfg = Debug|x64
		{4B149055-D7B7-4C7C-B8C4-8B1670CA8ABB}.Debug|x64.Build.0 = Debug|x64
		{4B149055-D7B7-4C7C-B8C4-8B1670CA8ABB}.Debug|x86.ActiveCfg = Debug|Win32
		{4B149055-D7B7-4C7C-B8C4-8B1670CA8ABB}.Debug|x86.Build.0 = Debug|Win32
		{4B149055-D7B7-4C7C-B8C4-8B1670CA8ABB}.Release|x64.ActiveCfg = Release|x64
		{4B149055-D7B7-4C7C-B8C4-8B1670CA8ABB}.Release|x64.Build.0 = Release|x64
		{4B149055-D7B7-4C7C-B8C4-8B1670CA8ABB}.Release|x86.ActiveCfg = Release|Win32
		{4B149055-D7B7-4C7C-B8C4-8B1670CA8ABB}.Release|x86.Build.0 = Release|Win32
		{D56F0A94-1FCD-4018-A22A-24315FB4889C}.Debug|x64.ActiveCfg = Debug|x64
		{D56F0A94-1FCD-4018-A22A-24315FB4889C}.Debug|x64.Build.0 = Debug|x64
		{D56F0A94-1FCD-4018-A22A-24315FB4889C}.Debug|x86.ActiveCfg = Debug|Win32
		{D56F0A94-1FCD-4018-A22A-24315FB4889C}.Debug|x86.Build.0 = Debug|Win32
		{D56F0A94-1FCD-4018-A22A-24315FB4889C}.Release|x64.ActiveCfg = Release|x64
		{D56F0A94-1FCD-4018-A22A-24315FB4889C}.Release|x64.Build.0 = Release|x64
		{D56F0A94-1FCD-4018-A22A-24315FB4889C}.Release|x86.ActiveCfg = Release|Win32
		{D56F0A94-1FCD-4018-A22A-24315FB4889C}.Release|x86.Build.0 = Release|Win32
	EndGlobalSection
	GlobalSection(SolutionProperties) = preSolution
		HideSolutionNode = FALSE
	EndGlobalSection
	GlobalSection(ExtensibilityGlobals) = postSolution
		SolutionGuid = {13783B46-0E14-4386-8064-5711402E37BF}
	EndGlobalSection
EndGlobal
