<?xml version="1.0" encoding="utf-8"?>
<Project ToolsVersion="4.0" xmlns="http://schemas.microsoft.com/developer/msbuild/2003">
  <ItemGroup>
    <ClCompile Include="Source\MainEntry.cpp">
      <Filter>MainEntry</Filter>
    </ClCompile>
    <ClCompile Include="Source\StartApp.cpp">
      <Filter>MainEntry</Filter>
    </ClCompile>
  </ItemGroup>
  <ItemGroup>
    <Filter Include="MainEntry">
      <UniqueIdentifier>{97c80f09-be70-4b90-99ab-f8bc23f32b93}</UniqueIdentifier>
    </Filter>
  </ItemGroup>
  <ItemGroup>
    <ClInclude Include="Source\StartApp.h">
      <Filter>MainEntry</Filter>
    </ClInclude>
  </ItemGroup>
</Project>