<?xml version="1.0" encoding="utf-8"?>
<Project ToolsVersion="4.0" xmlns="http://schemas.microsoft.com/developer/msbuild/2003">
  <ItemGroup>
    <ClCompile Include="Source\MainEntry.cpp">
      <Filter>MainEntry</Filter>
    </ClCompile>
    <ClCompile Include="Source\ShadowTestApp.cpp">
      <Filter>MainEntry</Filter>
    </ClCompile>
    <ClCompile Include="Source\ShadowTestScene.cpp">
      <Filter>Scenes</Filter>
    </ClCompile>
  </ItemGroup>
  <ItemGroup>
    <Filter Include="MainEntry">
      <UniqueIdentifier>{97c80f09-be70-4b90-99ab-f8bc23f32b93}</UniqueIdentifier>
    </Filter>
    <Filter Include="Scenes">
      <UniqueIdentifier>{27f44787-e7ce-47a8-a5d1-6582f3b1a425}</UniqueIdentifier>
    </Filter>
  </ItemGroup>
  <ItemGroup>
    <ClInclude Include="Source\ShadowTestApp.h">
      <Filter>MainEntry</Filter>
    </ClInclude>
    <ClInclude Include="Source\ShadowTestScene.h">
      <Filter>Scenes</Filter>
    </ClInclude>
  </ItemGroup>
</Project>